
Microsoft Visual Studio Solution File, Format Version 12.00
# Visual Studio 14
VisualStudioVersion = 14.0.25420.1
MinimumVisualStudioVersion = 10.0.40219.1
Project("{FAE04EC0-301F-11D3-BF4B-00C04F79EFBC}") = "CaseLightingMod", "CaseLightingMod\CaseLightingMod.csproj", "{C27DA196-C4D5-4E09-A4C7-7C33063B5278}"
EndProject
Project("{FAE04EC0-301F-11D3-BF4B-00C04F79EFBC}") = "ToggleSwitch", "..\ToggleSwitch\ToggleSwitch\ToggleSwitch.csproj", "{49B88FFA-F02C-4709-BA65-9F8996444ECD}"
EndProject
Project("{FAE04EC0-301F-11D3-BF4B-00C04F79EFBC}") = "Cyotek.Windows.Forms.ColorPicker", "..\Cyotek.Windows.Forms.ColorPicker-master\Cyotek.Windows.Forms.ColorPicker\Cyotek.Windows.Forms.ColorPicker.csproj", "{FB2A5786-CD2E-42CE-BC5D-0FCE90034221}"
EndProject
Global
	GlobalSection(SolutionConfigurationPlatforms) = preSolution
		Debug|Any CPU = Debug|Any CPU
		Release|Any CPU = Release|Any CPU
	EndGlobalSection
	GlobalSection(ProjectConfigurationPlatforms) = postSolution
		{C27DA196-C4D5-4E09-A4C7-7C33063B5278}.Debug|Any CPU.ActiveCfg = Debug|Any CPU
		{C27DA196-C4D5-4E09-A4C7-7C33063B5278}.Debug|Any CPU.Build.0 = Debug|Any CPU
		{C27DA196-C4D5-4E09-A4C7-7C33063B5278}.Release|Any CPU.ActiveCfg = Release|Any CPU
		{C27DA196-C4D5-4E09-A4C7-7C33063B5278}.Release|Any CPU.Build.0 = Release|Any CPU
		{49B88FFA-F02C-4709-BA65-9F8996444ECD}.Debug|Any CPU.ActiveCfg = Debug|Any CPU
		{49B88FFA-F02C-4709-BA65-9F8996444ECD}.Debug|Any CPU.Build.0 = Debug|Any CPU
		{49B88FFA-F02C-4709-BA65-9F8996444ECD}.Release|Any CPU.ActiveCfg = Release|Any CPU
		{49B88FFA-F02C-4709-BA65-9F8996444ECD}.Release|Any CPU.Build.0 = Release|Any CPU
		{FB2A5786-CD2E-42CE-BC5D-0FCE90034221}.Debug|Any CPU.ActiveCfg = Debug|Any CPU
		{FB2A5786-CD2E-42CE-BC5D-0FCE90034221}.Debug|Any CPU.Build.0 = Debug|Any CPU
		{FB2A5786-CD2E-42CE-BC5D-0FCE90034221}.Release|Any CPU.ActiveCfg = Release|Any CPU
		{FB2A5786-CD2E-42CE-BC5D-0FCE90034221}.Release|Any CPU.Build.0 = Release|Any CPU
	EndGlobalSection
	GlobalSection(SolutionProperties) = preSolution
		HideSolutionNode = FALSE
	EndGlobalSection
EndGlobal
